{
  "nodes": {
    "nix-loongarch-kernel": {
      "inputs": {
        "nixpkgs": "nixpkgs"
      },
      "locked": {
        "lastModified": 1785588085,
        "narHash": "sha256-z9D0ZqFnaYz14GalRv9YLIzip+U81+g41/WMeu+XEEY=",
        "owner": "nix4loong",
        "repo": "nix-loongarch-kernel",
        "rev": "74b3ed40bce3c3c7be65d0a43f041b345ed7650d",
        "type": "github"
      },
      "original": {
        "owner": "nix4loong",
        "repo": "nix-loongarch-kernel",
        "type": "github"
      }
    },
    "nixpkgs": {
      "locked": {
        "lastModified": 1785587868,
        "narHash": "sha256-bJs/e6gIIVs652UdHYbeixV+ILjhRtWnfvR2kybLjYc=",
        "owner": "loongson-community",
        "repo": "nixpkgs",
        "rev": "fc6a32eb62bd8830e78c1c2197d9e98182dfceee",
        "type": "github"
      },
      "original": {
        "owner": "loongson-community",
        "ref": "loong-master",
        "repo": "nixpkgs",
        "type": "github"
      }
    },
    "nixpkgs_2": {
      "locked": {
        "lastModified": 1791546765,
        "narHash": "sha256-0h0uEzC4yTrL937RivfcNAcE1tGnoGlheudT+DZehbw=",
        "owner": "loongson-community",
        "repo": "nixpkgs",
        "rev": "0b5724db59fb0dc46196289d413cd1008f2e7c15",
        "type": "github"
      },
      "original": {
        "owner": "loongson-community",
        "ref": "loong-master",
        "repo": "nixpkgs",
        "type": "github"
      }
    },
    "root": {
      "inputs": {
        "nix-loongarch-kernel": "nix-loongarch-kernel",
        "nixpkgs": "nixpkgs_2"
      }
    }
  },
  "root": "root",
  "version": 7
}
