{
  "nodes": {
    "nix-loongarch-kernel": {
      "inputs": {
        "nixpkgs": "nixpkgs"
      },
      "locked": {
        "lastModified": 1774165021,
        "narHash": "sha256-p0MhU3suIvjKrQtDPjSHRimekW/WXjyNKRLI6wS5New=",
        "owner": "nix4loong",
        "repo": "nix-loongarch-kernel",
        "rev": "45ef25d4768c5816a3519849a9f11acfff130c23",
        "type": "github"
      },
      "original": {
        "owner": "nix4loong",
        "repo": "nix-loongarch-kernel",
        "type": "github"
      }
    },
    "nixpkgs": {
      "locked": {
        "lastModified": 1769634985,
        "narHash": "sha256-JNhmSG8IQqN40e3YDrNnBCJb9f8Qivzi+MtztQ9Fu/s=",
        "owner": "loongson-community",
        "repo": "nixpkgs",
        "rev": "cadd429cfe7474a111a665154f4995b9f950e39f",
        "type": "github"
      },
      "original": {
        "owner": "loongson-community",
        "ref": "loong-master",
        "repo": "nixpkgs",
        "type": "github"
      }
    },
    "nixpkgs_2": {
      "locked": {
        "lastModified": 1774827117,
        "narHash": "sha256-paKjGlxZLYI+zM1yhWSxz1RNN5IOHcZfmZb1PtRryoI=",
        "owner": "loongson-community",
        "repo": "nixpkgs",
        "rev": "c51d3faacd58ba798acf8a531d75de4a2b0a4022",
        "type": "github"
      },
      "original": {
        "owner": "loongson-community",
        "ref": "loong-master",
        "repo": "nixpkgs",
        "type": "github"
      }
    },
    "root": {
      "inputs": {
        "nix-loongarch-kernel": "nix-loongarch-kernel",
        "nixpkgs": "nixpkgs_2"
      }
    }
  },
  "root": "root",
  "version": 7
}
