{
  "nodes": {
    "nix-loongarch-kernel": {
      "inputs": {
        "nixpkgs": "nixpkgs"
      },
      "locked": {
        "lastModified": 1774165021,
        "narHash": "sha256-p0MhU3suIvjKrQtDPjSHRimekW/WXjyNKRLI6wS5New=",
        "owner": "nix4loong",
        "repo": "nix-loongarch-kernel",
        "rev": "45ef25d4768c5816a3519849a9f11acfff130c23",
        "type": "github"
      },
      "original": {
        "owner": "nix4loong",
        "repo": "nix-loongarch-kernel",
        "type": "github"
      }
    },
    "nixpkgs": {
      "locked": {
        "lastModified": 1769634985,
        "narHash": "sha256-JNhmSG8IQqN40e3YDrNnBCJb9f8Qivzi+MtztQ9Fu/s=",
        "owner": "loongson-community",
        "repo": "nixpkgs",
        "rev": "cadd429cfe7474a111a665154f4995b9f950e39f",
        "type": "github"
      },
      "original": {
        "owner": "loongson-community",
        "ref": "loong-master",
        "repo": "nixpkgs",
        "type": "github"
      }
    },
    "nixpkgs_2": {
      "locked": {
        "lastModified": 1774355782,
        "narHash": "sha256-4p0YKR44UceNflxr3S5RUD0Q8fFEVY/nUDG19HBKa80=",
        "owner": "loongson-community",
        "repo": "nixpkgs",
        "rev": "20a5ce71008e96b01806a6da584082923f2076a2",
        "type": "github"
      },
      "original": {
        "owner": "loongson-community",
        "ref": "loong-master",
        "repo": "nixpkgs",
        "type": "github"
      }
    },
    "root": {
      "inputs": {
        "nix-loongarch-kernel": "nix-loongarch-kernel",
        "nixpkgs": "nixpkgs_2"
      }
    }
  },
  "root": "root",
  "version": 7
}
