{
  "nodes": {
    "nixpkgs": {
      "locked": {
        "lastModified": 1791677923,
        "narHash": "sha256-YoAQDp9s6woT+vWfdK61BWgoAQUXZmrAUdDWIzgxjgw=",
        "owner": "loongson-community",
        "repo": "nixpkgs",
        "rev": "52d6fbcabf8dc730b02483d398204c4275bddc6a",
        "type": "github"
      },
      "original": {
        "owner": "loongson-community",
        "ref": "loong-staging-next",
        "repo": "nixpkgs",
        "type": "github"
      }
    },
    "root": {
      "inputs": {
        "nixpkgs": "nixpkgs"
      }
    }
  },
  "root": "root",
  "version": 7
}
