{
  "nodes": {
    "nixpkgs": {
      "locked": {
        "lastModified": 1791546779,
        "narHash": "sha256-YaPHu2kGTbmPHsNLnM79GP6+1v2ExsGTnvEfO69ppJE=",
        "owner": "loongson-community",
        "repo": "nixpkgs",
        "rev": "e29719482c9d49db4e1ca949da443a53ff9c860b",
        "type": "github"
      },
      "original": {
        "owner": "loongson-community",
        "ref": "loong-testing",
        "repo": "nixpkgs",
        "type": "github"
      }
    },
    "root": {
      "inputs": {
        "nixpkgs": "nixpkgs"
      }
    }
  },
  "root": "root",
  "version": 7
}
