{
  "nodes": {
    "nixpkgs": {
      "locked": {
        "lastModified": 1774873473,
        "narHash": "sha256-lzcGqbIzVSSK2fj4NiYYUy7h1RC5xXfaDTHJZ10v/BU=",
        "owner": "loongson-community",
        "repo": "nixpkgs",
        "rev": "5b58e378a8aaea5b5d1b173dae2afeab18ab11dd",
        "type": "github"
      },
      "original": {
        "owner": "loongson-community",
        "ref": "loong-master",
        "repo": "nixpkgs",
        "type": "github"
      }
    },
    "root": {
      "inputs": {
        "nixpkgs": "nixpkgs"
      }
    }
  },
  "root": "root",
  "version": 7
}
