{
  "nodes": {
    "nixpkgs": {
      "locked": {
        "lastModified": 1775686240,
        "narHash": "sha256-Ig5PlgY/oCKD5ks33rMtd9obPGu4/tWxHRJKOVf/ODg=",
        "owner": "loongson-community",
        "repo": "nixpkgs",
        "rev": "c1a3a9ab2dd8e1232b2b5ec298262b4656848f83",
        "type": "github"
      },
      "original": {
        "owner": "loongson-community",
        "ref": "loong-master",
        "repo": "nixpkgs",
        "type": "github"
      }
    },
    "root": {
      "inputs": {
        "nixpkgs": "nixpkgs"
      }
    }
  },
  "root": "root",
  "version": 7
}
