{
  "nodes": {
    "nixpkgs": {
      "locked": {
        "lastModified": 1775821424,
        "narHash": "sha256-g3Y62La/im23nVS7NehyTlIi4Mbpvf9YD+HMbLgfa6U=",
        "owner": "loongson-community",
        "repo": "nixpkgs",
        "rev": "7ea9653a7c287996902779c4dddffcd2e8d0068a",
        "type": "github"
      },
      "original": {
        "owner": "loongson-community",
        "ref": "loong-master",
        "repo": "nixpkgs",
        "type": "github"
      }
    },
    "root": {
      "inputs": {
        "nixpkgs": "nixpkgs"
      }
    }
  },
  "root": "root",
  "version": 7
}
