{
  "nodes": {
    "nixpkgs": {
      "locked": {
        "lastModified": 1791546182,
        "narHash": "sha256-Y4UGBRPR2yOKEvio1V9EJ4jOF/1WZMSuR0p3MeO7hg0=",
        "owner": "loongson-community",
        "repo": "nixpkgs",
        "rev": "2736c517ceffb2b50a4c93e4dfa9706fd0b78260",
        "type": "github"
      },
      "original": {
        "owner": "loongson-community",
        "ref": "loong-release-26.05",
        "repo": "nixpkgs",
        "type": "github"
      }
    },
    "root": {
      "inputs": {
        "nixpkgs": "nixpkgs"
      }
    }
  },
  "root": "root",
  "version": 7
}
