{
  "nodes": {
    "nixpkgs": {
      "locked": {
        "lastModified": 1775401246,
        "narHash": "sha256-cMbjsF80TPMIt03+86MdlN+SRrp2Jyvo1KI8BBIIyww=",
        "owner": "loongson-community",
        "repo": "nixpkgs",
        "rev": "c9d4db857e4f742058c0a26d513c87ad2ae152ce",
        "type": "github"
      },
      "original": {
        "owner": "loongson-community",
        "ref": "loong-master",
        "repo": "nixpkgs",
        "type": "github"
      }
    },
    "root": {
      "inputs": {
        "nixpkgs": "nixpkgs"
      }
    }
  },
  "root": "root",
  "version": 7
}
