{
  "nodes": {
    "nixpkgs": {
      "locked": {
        "lastModified": 1775200417,
        "narHash": "sha256-JsDJ9hc/FqpK1Lemkk7D9WeK6S4ZoEF4RyrJOZS0xOM=",
        "owner": "loongson-community",
        "repo": "nixpkgs",
        "rev": "e43db4012d0c852322330ecf9e43f79978f60f8b",
        "type": "github"
      },
      "original": {
        "owner": "loongson-community",
        "ref": "loong-master",
        "repo": "nixpkgs",
        "type": "github"
      }
    },
    "root": {
      "inputs": {
        "nixpkgs": "nixpkgs"
      }
    }
  },
  "root": "root",
  "version": 7
}
