{
  "nodes": {
    "nixpkgs": {
      "locked": {
        "lastModified": 1774604714,
        "narHash": "sha256-ov0NOaMZ9UbyF4Jlc9mKJ3uWdWChdLtGU71rkts3TXY=",
        "owner": "loongson-community",
        "repo": "nixpkgs",
        "rev": "3ef79dd8739b4c5362fd4571555f6683b6bb68bf",
        "type": "github"
      },
      "original": {
        "owner": "loongson-community",
        "ref": "loong-master",
        "repo": "nixpkgs",
        "type": "github"
      }
    },
    "root": {
      "inputs": {
        "nixpkgs": "nixpkgs"
      }
    }
  },
  "root": "root",
  "version": 7
}
